
Microsoft Visual Studio Solution File, Format Version 12.00
# Visual Studio Version 16
VisualStudioVersion = 16.0.33328.57
MinimumVisualStudioVersion = 10.0.40219.1
Project("{FAE04EC0-301F-11D3-BF4B-00C04F79EFBC}") = "github1", "github1\github1.csproj", "{D520D735-B317-4A7F-8605-F7F051BEABBF}"
EndProject
Global
	GlobalSection(SolutionConfigurationPlatforms) = preSolution
		Debug|Any CPU = Debug|Any CPU
		Release|Any CPU = Release|Any CPU
	EndGlobalSection
	GlobalSection(ProjectConfigurationPlatforms) = postSolution
		{D520D735-B317-4A7F-8605-F7F051BEABBF}.Debug|Any CPU.ActiveCfg = Debug|Any CPU
		{D520D735-B317-4A7F-8605-F7F051BEABBF}.Debug|Any CPU.Build.0 = Debug|Any CPU
		{D520D735-B317-4A7F-8605-F7F051BEABBF}.Release|Any CPU.ActiveCfg = Release|Any CPU
		{D520D735-B317-4A7F-8605-F7F051BEABBF}.Release|Any CPU.Build.0 = Release|Any CPU
	EndGlobalSection
	GlobalSection(SolutionProperties) = preSolution
		HideSolutionNode = FALSE
	EndGlobalSection
	GlobalSection(ExtensibilityGlobals) = postSolution
		SolutionGuid = {E7AE954E-6778-451D-A3D0-57AB1BD01533}
	EndGlobalSection
EndGlobal
